
Microsoft Visual Studio Solution File, Format Version 12.00
# Visual Studio Version 17
VisualStudioVersion = 17.11.35222.181
MinimumVisualStudioVersion = 10.0.40219.1
Project("{FAE04EC0-301F-11D3-BF4B-00C04F79EFBC}") = "Convertation", "Convertation\Convertation.csproj", "{4BE74E4D-1F5F-4EAD-A4F3-2D4312038D0A}"
EndProject
Global
	GlobalSection(SolutionConfigurationPlatforms) = preSolution
		Debug|Any CPU = Debug|Any CPU
		Release|Any CPU = Release|Any CPU
	EndGlobalSection
	GlobalSection(ProjectConfigurationPlatforms) = postSolution
		{4BE74E4D-1F5F-4EAD-A4F3-2D4312038D0A}.Debug|Any CPU.ActiveCfg = Debug|Any CPU
		{4BE74E4D-1F5F-4EAD-A4F3-2D4312038D0A}.Debug|Any CPU.Build.0 = Debug|Any CPU
		{4BE74E4D-1F5F-4EAD-A4F3-2D4312038D0A}.Release|Any CPU.ActiveCfg = Release|Any CPU
		{4BE74E4D-1F5F-4EAD-A4F3-2D4312038D0A}.Release|Any CPU.Build.0 = Release|Any CPU
	EndGlobalSection
	GlobalSection(SolutionProperties) = preSolution
		HideSolutionNode = FALSE
	EndGlobalSection
	GlobalSection(ExtensibilityGlobals) = postSolution
		SolutionGuid = {7A9DBCCD-5F44-4C8B-A753-B9852AC68803}
	EndGlobalSection
EndGlobal
